
Microsoft Visual Studio Solution File, Format Version 12.00
# Visual Studio Version 16
VisualStudioVersion = 16.0.30517.126
MinimumVisualStudioVersion = 10.0.40219.1
Project("{FAE04EC0-301F-11D3-BF4B-00C04F79EFBC}") = "Sisak.EfLearning.Dal", "Sisak.EfLearning.Dal\Sisak.EfLearning.Dal.csproj", "{18A2E21C-66C1-4332-B263-379E0A1E9B7A}"
EndProject
Project("{FAE04EC0-301F-11D3-BF4B-00C04F79EFBC}") = "Sisak.EfLearning.Domain", "Sisak.EfLearning.Domain\Sisak.EfLearning.Domain.csproj", "{C5D18962-677B-40CC-9652-3E7262B21C0F}"
EndProject
Project("{FAE04EC0-301F-11D3-BF4B-00C04F79EFBC}") = "Sisak.EfLearning.Dal.Ef", "Sisak.EfLearning.Dal.Ef\Sisak.EfLearning.Dal.Ef.csproj", "{F681BBDD-8BAE-4B53-AB54-C6D489206B34}"
EndProject
Project("{FAE04EC0-301F-11D3-BF4B-00C04F79EFBC}") = "Sisak.EfLearning.Client", "Sisak.EfLearning.Client\Sisak.EfLearning.Client.csproj", "{EF035836-0F07-43FE-B935-6ECFD15B7CB9}"
EndProject
Global
	GlobalSection(SolutionConfigurationPlatforms) = preSolution
		Debug|Any CPU = Debug|Any CPU
		Release|Any CPU = Release|Any CPU
	EndGlobalSection
	GlobalSection(ProjectConfigurationPlatforms) = postSolution
		{18A2E21C-66C1-4332-B263-379E0A1E9B7A}.Debug|Any CPU.ActiveCfg = Debug|Any CPU
		{18A2E21C-66C1-4332-B263-379E0A1E9B7A}.Debug|Any CPU.Build.0 = Debug|Any CPU
		{18A2E21C-66C1-4332-B263-379E0A1E9B7A}.Release|Any CPU.ActiveCfg = Release|Any CPU
		{18A2E21C-66C1-4332-B263-379E0A1E9B7A}.Release|Any CPU.Build.0 = Release|Any CPU
		{C5D18962-677B-40CC-9652-3E7262B21C0F}.Debug|Any CPU.ActiveCfg = Debug|Any CPU
		{C5D18962-677B-40CC-9652-3E7262B21C0F}.Debug|Any CPU.Build.0 = Debug|Any CPU
		{C5D18962-677B-40CC-9652-3E7262B21C0F}.Release|Any CPU.ActiveCfg = Release|Any CPU
		{C5D18962-677B-40CC-9652-3E7262B21C0F}.Release|Any CPU.Build.0 = Release|Any CPU
		{F681BBDD-8BAE-4B53-AB54-C6D489206B34}.Debug|Any CPU.ActiveCfg = Debug|Any CPU
		{F681BBDD-8BAE-4B53-AB54-C6D489206B34}.Debug|Any CPU.Build.0 = Debug|Any CPU
		{F681BBDD-8BAE-4B53-AB54-C6D489206B34}.Release|Any CPU.ActiveCfg = Release|Any CPU
		{F681BBDD-8BAE-4B53-AB54-C6D489206B34}.Release|Any CPU.Build.0 = Release|Any CPU
		{EF035836-0F07-43FE-B935-6ECFD15B7CB9}.Debug|Any CPU.ActiveCfg = Debug|Any CPU
		{EF035836-0F07-43FE-B935-6ECFD15B7CB9}.Debug|Any CPU.Build.0 = Debug|Any CPU
		{EF035836-0F07-43FE-B935-6ECFD15B7CB9}.Release|Any CPU.ActiveCfg = Release|Any CPU
		{EF035836-0F07-43FE-B935-6ECFD15B7CB9}.Release|Any CPU.Build.0 = Release|Any CPU
	EndGlobalSection
	GlobalSection(SolutionProperties) = preSolution
		HideSolutionNode = FALSE
	EndGlobalSection
	GlobalSection(ExtensibilityGlobals) = postSolution
		SolutionGuid = {B407E529-C62C-4661-BEB7-52F86BA4D4C1}
	EndGlobalSection
EndGlobal
